
Microsoft Visual Studio Solution File, Format Version 12.00
# Visual Studio 15
VisualStudioVersion = 15.0.28010.2016
MinimumVisualStudioVersion = 10.0.40219.1
Project("{FAE04EC0-301F-11D3-BF4B-00C04F79EFBC}") = "TravelOOP.Tests", "TravelOOP.Tests\TravelOOP.Tests.csproj", "{FF7BDD61-893D-484A-BCCE-04C91E09BD47}"
EndProject
Project("{FAE04EC0-301F-11D3-BF4B-00C04F79EFBC}") = "TravelOOP", "TravelOOP\TravelOOP.csproj", "{17E67BDC-8766-43D3-B410-AFC8079D5249}"
EndProject
Global
	GlobalSection(SolutionConfigurationPlatforms) = preSolution
		Debug|Any CPU = Debug|Any CPU
		Release|Any CPU = Release|Any CPU
	EndGlobalSection
	GlobalSection(ProjectConfigurationPlatforms) = postSolution
		{FF7BDD61-893D-484A-BCCE-04C91E09BD47}.Debug|Any CPU.ActiveCfg = Debug|Any CPU
		{FF7BDD61-893D-484A-BCCE-04C91E09BD47}.Debug|Any CPU.Build.0 = Debug|Any CPU
		{FF7BDD61-893D-484A-BCCE-04C91E09BD47}.Release|Any CPU.ActiveCfg = Release|Any CPU
		{FF7BDD61-893D-484A-BCCE-04C91E09BD47}.Release|Any CPU.Build.0 = Release|Any CPU
		{17E67BDC-8766-43D3-B410-AFC8079D5249}.Debug|Any CPU.ActiveCfg = Debug|Any CPU
		{17E67BDC-8766-43D3-B410-AFC8079D5249}.Debug|Any CPU.Build.0 = Debug|Any CPU
		{17E67BDC-8766-43D3-B410-AFC8079D5249}.Release|Any CPU.ActiveCfg = Release|Any CPU
		{17E67BDC-8766-43D3-B410-AFC8079D5249}.Release|Any CPU.Build.0 = Release|Any CPU
	EndGlobalSection
	GlobalSection(SolutionProperties) = preSolution
		HideSolutionNode = FALSE
	EndGlobalSection
	GlobalSection(ExtensibilityGlobals) = postSolution
		SolutionGuid = {F4B7E64A-EBFD-43AB-8956-CC417172B156}
	EndGlobalSection
EndGlobal
